
Microsoft Visual Studio Solution File, Format Version 12.00
# Visual Studio Version 17
VisualStudioVersion = 17.13.35931.197 d17.13
MinimumVisualStudioVersion = 10.0.40219.1
Project("{FAE04EC0-301F-11D3-BF4B-00C04F79EFBC}") = "FilterPeopleFromXml", "FilterPeopleFromXml\FilterPeopleFromXml.csproj", "{5BE9F413-C123-4158-B40C-7A08CEBC3D1C}"
EndProject
Global
	GlobalSection(SolutionConfigurationPlatforms) = preSolution
		Debug|Any CPU = Debug|Any CPU
		Release|Any CPU = Release|Any CPU
	EndGlobalSection
	GlobalSection(ProjectConfigurationPlatforms) = postSolution
		{5BE9F413-C123-4158-B40C-7A08CEBC3D1C}.Debug|Any CPU.ActiveCfg = Debug|Any CPU
		{5BE9F413-C123-4158-B40C-7A08CEBC3D1C}.Debug|Any CPU.Build.0 = Debug|Any CPU
		{5BE9F413-C123-4158-B40C-7A08CEBC3D1C}.Release|Any CPU.ActiveCfg = Release|Any CPU
		{5BE9F413-C123-4158-B40C-7A08CEBC3D1C}.Release|Any CPU.Build.0 = Release|Any CPU
	EndGlobalSection
	GlobalSection(SolutionProperties) = preSolution
		HideSolutionNode = FALSE
	EndGlobalSection
	GlobalSection(ExtensibilityGlobals) = postSolution
		SolutionGuid = {0B627906-D119-4D94-B8EF-2C3EF339D22C}
	EndGlobalSection
EndGlobal
