
Microsoft Visual Studio Solution File, Format Version 12.00
# Visual Studio Version 17
VisualStudioVersion = 17.13.35931.197 d17.13
MinimumVisualStudioVersion = 10.0.40219.1
Project("{FAE04EC0-301F-11D3-BF4B-00C04F79EFBC}") = "LongestVowelSubsequenceAsJson", "LongestVowelSubsequenceAsJson\LongestVowelSubsequenceAsJson.csproj", "{1B70AF90-BAD2-4CB3-9ADE-19DE2DCD58A1}"
EndProject
Global
	GlobalSection(SolutionConfigurationPlatforms) = preSolution
		Debug|Any CPU = Debug|Any CPU
		Release|Any CPU = Release|Any CPU
	EndGlobalSection
	GlobalSection(ProjectConfigurationPlatforms) = postSolution
		{1B70AF90-BAD2-4CB3-9ADE-19DE2DCD58A1}.Debug|Any CPU.ActiveCfg = Debug|Any CPU
		{1B70AF90-BAD2-4CB3-9ADE-19DE2DCD58A1}.Debug|Any CPU.Build.0 = Debug|Any CPU
		{1B70AF90-BAD2-4CB3-9ADE-19DE2DCD58A1}.Release|Any CPU.ActiveCfg = Release|Any CPU
		{1B70AF90-BAD2-4CB3-9ADE-19DE2DCD58A1}.Release|Any CPU.Build.0 = Release|Any CPU
	EndGlobalSection
	GlobalSection(SolutionProperties) = preSolution
		HideSolutionNode = FALSE
	EndGlobalSection
	GlobalSection(ExtensibilityGlobals) = postSolution
		SolutionGuid = {D634B8D4-293B-4324-983C-88D5AF7F9DEF}
	EndGlobalSection
EndGlobal
